
Microsoft Visual Studio Solution File, Format Version 12.00
# Visual Studio Version 17
VisualStudioVersion = 17.10.35004.147
MinimumVisualStudioVersion = 10.0.40219.1
Project("{9A19103F-16F7-4668-BE54-9A1E7A4F7556}") = "Muonroi.BuildingBlock", "Muonroi.BuildingBlock.csproj", "{B7998986-B552-4171-BAF3-5000A306011B}"
EndProject
Project("{9A19103F-16F7-4668-BE54-9A1E7A4F7556}") = "API", "..\..\Learning\DatingApp\API\API.csproj", "{FC2EAEE0-3979-450D-96E2-41DFB8386981}"
EndProject
Global
	GlobalSection(SolutionConfigurationPlatforms) = preSolution
		Debug|Any CPU = Debug|Any CPU
		Release|Any CPU = Release|Any CPU
	EndGlobalSection
	GlobalSection(ProjectConfigurationPlatforms) = postSolution
		{B7998986-B552-4171-BAF3-5000A306011B}.Debug|Any CPU.ActiveCfg = Debug|Any CPU
		{B7998986-B552-4171-BAF3-5000A306011B}.Debug|Any CPU.Build.0 = Debug|Any CPU
		{B7998986-B552-4171-BAF3-5000A306011B}.Release|Any CPU.ActiveCfg = Release|Any CPU
		{B7998986-B552-4171-BAF3-5000A306011B}.Release|Any CPU.Build.0 = Release|Any CPU
		{FC2EAEE0-3979-450D-96E2-41DFB8386981}.Debug|Any CPU.ActiveCfg = Debug|Any CPU
		{FC2EAEE0-3979-450D-96E2-41DFB8386981}.Debug|Any CPU.Build.0 = Debug|Any CPU
		{FC2EAEE0-3979-450D-96E2-41DFB8386981}.Release|Any CPU.ActiveCfg = Release|Any CPU
		{FC2EAEE0-3979-450D-96E2-41DFB8386981}.Release|Any CPU.Build.0 = Release|Any CPU
	EndGlobalSection
	GlobalSection(SolutionProperties) = preSolution
		HideSolutionNode = FALSE
	EndGlobalSection
	GlobalSection(ExtensibilityGlobals) = postSolution
		SolutionGuid = {70FB77B9-3FAF-4A3C-A497-CEE99524EEC5}
	EndGlobalSection
EndGlobal
